
Microsoft Visual Studio Solution File, Format Version 12.00
# Visual Studio Version 17
VisualStudioVersion = 17.14.37216.2 d17.14
MinimumVisualStudioVersion = 10.0.40219.1
Project("{FAE04EC0-301F-11D3-BF4B-00C04F79EFBC}") = "GerenciadorInvestimentos", "GerenciadorInvestimentos.csproj", "{BF082C03-08D4-4B52-89D8-B9F732F96314}"
EndProject
Global
	GlobalSection(SolutionConfigurationPlatforms) = preSolution
		Debug|Any CPU = Debug|Any CPU
		Release|Any CPU = Release|Any CPU
	EndGlobalSection
	GlobalSection(ProjectConfigurationPlatforms) = postSolution
		{BF082C03-08D4-4B52-89D8-B9F732F96314}.Debug|Any CPU.ActiveCfg = Debug|Any CPU
		{BF082C03-08D4-4B52-89D8-B9F732F96314}.Debug|Any CPU.Build.0 = Debug|Any CPU
		{BF082C03-08D4-4B52-89D8-B9F732F96314}.Release|Any CPU.ActiveCfg = Release|Any CPU
		{BF082C03-08D4-4B52-89D8-B9F732F96314}.Release|Any CPU.Build.0 = Release|Any CPU
	EndGlobalSection
	GlobalSection(SolutionProperties) = preSolution
		HideSolutionNode = FALSE
	EndGlobalSection
	GlobalSection(ExtensibilityGlobals) = postSolution
		SolutionGuid = {D4251D7F-BED1-4581-9CAC-A872911DDCCC}
	EndGlobalSection
EndGlobal
